
Microsoft Visual Studio Solution File, Format Version 12.00
# Visual Studio Version 16
VisualStudioVersion = 16.0.31624.102
MinimumVisualStudioVersion = 10.0.40219.1
Project("{FAE04EC0-301F-11D3-BF4B-00C04F79EFBC}") = "BuildJenkins", "BuildJenkins\BuildJenkins.csproj", "{638FF5EF-F0E3-4D42-A379-E810DF50EEBF}"
EndProject
Global
	GlobalSection(SolutionConfigurationPlatforms) = preSolution
		Debug|Any CPU = Debug|Any CPU
		Release|Any CPU = Release|Any CPU
	EndGlobalSection
	GlobalSection(ProjectConfigurationPlatforms) = postSolution
		{638FF5EF-F0E3-4D42-A379-E810DF50EEBF}.Debug|Any CPU.ActiveCfg = Debug|Any CPU
		{638FF5EF-F0E3-4D42-A379-E810DF50EEBF}.Debug|Any CPU.Build.0 = Debug|Any CPU
		{638FF5EF-F0E3-4D42-A379-E810DF50EEBF}.Release|Any CPU.ActiveCfg = Release|Any CPU
		{638FF5EF-F0E3-4D42-A379-E810DF50EEBF}.Release|Any CPU.Build.0 = Release|Any CPU
	EndGlobalSection
	GlobalSection(SolutionProperties) = preSolution
		HideSolutionNode = FALSE
	EndGlobalSection
	GlobalSection(ExtensibilityGlobals) = postSolution
		SolutionGuid = {19AE047E-0EF2-4A81-9A1D-08CB0671D0CC}
	EndGlobalSection
EndGlobal
